
Microsoft Visual Studio Solution File, Format Version 11.00
# Visual C# Express 2010
Project("{FAE04EC0-301F-11D3-BF4B-00C04F79EFBC}") = "MiRo.SimHexWorld.Game", "MiRo.SimHexWorld.Game\MiRo.SimHexWorld.Game\MiRo.SimHexWorld.Game.csproj", "{4A4A70D7-AE8A-4D2A-910B-2EF71340EC61}"
EndProject
Project("{FAE04EC0-301F-11D3-BF4B-00C04F79EFBC}") = "MiRo.SimHexWorld.GameContent", "MiRo.SimHexWorld.Game\MiRo.SimHexWorld.GameContent\MiRo.SimHexWorld.GameContent.contentproj", "{7040B28F-A1FF-401C-BFFC-F6509E52EFC6}"
EndProject
Project("{FAE04EC0-301F-11D3-BF4B-00C04F79EFBC}") = "MiRo.SimHexWorld.ContentPipelineExtension", "MiRo.SimHexWorld.ContentPipelineExtension\MiRo.SimHexWorld.ContentPipelineExtension.csproj", "{CD01F4BE-944A-464F-B618-73BFDA5F51CB}"
EndProject
Project("{FAE04EC0-301F-11D3-BF4B-00C04F79EFBC}") = "MiRo.SimHexWorld.Engine", "MiRo.SimHexWorld.Engine\MiRo.SimHexWorld.Engine.csproj", "{9CF0F8A8-AAE6-41E2-A101-9BB678589BA7}"
EndProject
Project("{FAE04EC0-301F-11D3-BF4B-00C04F79EFBC}") = "TomShane.Neoforce.Controls", "TomShane.Neoforce.Controls\TomShane.Neoforce.Controls.csproj", "{9C8328B3-97FC-4F39-A1BC-6DC4A1730C26}"
EndProject
Project("{FAE04EC0-301F-11D3-BF4B-00C04F79EFBC}") = "MiRo.SimHexWorld.Modelling", "MiRo.SimHexWorld.Modelling\MiRo.SimHexWorld.Modelling.csproj", "{B39029F8-F203-4EA3-BDD6-CE26074E6FBF}"
EndProject
Project("{FAE04EC0-301F-11D3-BF4B-00C04F79EFBC}") = "MiRo.SimHexWorld.UI", "MiRo.SimHexWorld.UI\MiRo.SimHexWorld.UI.csproj", "{83E470B5-B9C9-4266-A95D-DB71A27FDB85}"
EndProject
Global
	GlobalSection(SolutionConfigurationPlatforms) = preSolution
		Debug|Any CPU = Debug|Any CPU
		Debug|Mixed Platforms = Debug|Mixed Platforms
		Debug|x86 = Debug|x86
		Release|Any CPU = Release|Any CPU
		Release|Mixed Platforms = Release|Mixed Platforms
		Release|x86 = Release|x86
	EndGlobalSection
	GlobalSection(ProjectConfigurationPlatforms) = postSolution
		{4A4A70D7-AE8A-4D2A-910B-2EF71340EC61}.Debug|Any CPU.ActiveCfg = Debug|x86
		{4A4A70D7-AE8A-4D2A-910B-2EF71340EC61}.Debug|Mixed Platforms.ActiveCfg = Debug|x86
		{4A4A70D7-AE8A-4D2A-910B-2EF71340EC61}.Debug|Mixed Platforms.Build.0 = Debug|x86
		{4A4A70D7-AE8A-4D2A-910B-2EF71340EC61}.Debug|x86.ActiveCfg = Debug|x86
		{4A4A70D7-AE8A-4D2A-910B-2EF71340EC61}.Debug|x86.Build.0 = Debug|x86
		{4A4A70D7-AE8A-4D2A-910B-2EF71340EC61}.Release|Any CPU.ActiveCfg = Release|x86
		{4A4A70D7-AE8A-4D2A-910B-2EF71340EC61}.Release|Mixed Platforms.ActiveCfg = Release|x86
		{4A4A70D7-AE8A-4D2A-910B-2EF71340EC61}.Release|Mixed Platforms.Build.0 = Release|x86
		{4A4A70D7-AE8A-4D2A-910B-2EF71340EC61}.Release|x86.ActiveCfg = Release|x86
		{4A4A70D7-AE8A-4D2A-910B-2EF71340EC61}.Release|x86.Build.0 = Release|x86
		{7040B28F-A1FF-401C-BFFC-F6509E52EFC6}.Debug|Any CPU.ActiveCfg = Debug|x86
		{7040B28F-A1FF-401C-BFFC-F6509E52EFC6}.Debug|Mixed Platforms.ActiveCfg = Debug|x86
		{7040B28F-A1FF-401C-BFFC-F6509E52EFC6}.Debug|x86.ActiveCfg = Debug|x86
		{7040B28F-A1FF-401C-BFFC-F6509E52EFC6}.Release|Any CPU.ActiveCfg = Release|x86
		{7040B28F-A1FF-401C-BFFC-F6509E52EFC6}.Release|Mixed Platforms.ActiveCfg = Release|x86
		{7040B28F-A1FF-401C-BFFC-F6509E52EFC6}.Release|x86.ActiveCfg = Release|x86
		{CD01F4BE-944A-464F-B618-73BFDA5F51CB}.Debug|Any CPU.ActiveCfg = Debug|x86
		{CD01F4BE-944A-464F-B618-73BFDA5F51CB}.Debug|Any CPU.Build.0 = Debug|x86
		{CD01F4BE-944A-464F-B618-73BFDA5F51CB}.Debug|Mixed Platforms.ActiveCfg = Debug|x86
		{CD01F4BE-944A-464F-B618-73BFDA5F51CB}.Debug|Mixed Platforms.Build.0 = Debug|x86
		{CD01F4BE-944A-464F-B618-73BFDA5F51CB}.Debug|x86.ActiveCfg = Debug|x86
		{CD01F4BE-944A-464F-B618-73BFDA5F51CB}.Debug|x86.Build.0 = Debug|x86
		{CD01F4BE-944A-464F-B618-73BFDA5F51CB}.Release|Any CPU.ActiveCfg = Debug|x86
		{CD01F4BE-944A-464F-B618-73BFDA5F51CB}.Release|Any CPU.Build.0 = Debug|x86
		{CD01F4BE-944A-464F-B618-73BFDA5F51CB}.Release|Mixed Platforms.ActiveCfg = Debug|x86
		{CD01F4BE-944A-464F-B618-73BFDA5F51CB}.Release|Mixed Platforms.Build.0 = Debug|x86
		{CD01F4BE-944A-464F-B618-73BFDA5F51CB}.Release|x86.ActiveCfg = Debug|x86
		{CD01F4BE-944A-464F-B618-73BFDA5F51CB}.Release|x86.Build.0 = Debug|x86
		{9CF0F8A8-AAE6-41E2-A101-9BB678589BA7}.Debug|Any CPU.ActiveCfg = Debug|x86
		{9CF0F8A8-AAE6-41E2-A101-9BB678589BA7}.Debug|Mixed Platforms.ActiveCfg = Debug|x86
		{9CF0F8A8-AAE6-41E2-A101-9BB678589BA7}.Debug|Mixed Platforms.Build.0 = Debug|x86
		{9CF0F8A8-AAE6-41E2-A101-9BB678589BA7}.Debug|x86.ActiveCfg = Debug|x86
		{9CF0F8A8-AAE6-41E2-A101-9BB678589BA7}.Debug|x86.Build.0 = Debug|x86
		{9CF0F8A8-AAE6-41E2-A101-9BB678589BA7}.Release|Any CPU.ActiveCfg = Release|x86
		{9CF0F8A8-AAE6-41E2-A101-9BB678589BA7}.Release|Mixed Platforms.ActiveCfg = Release|x86
		{9CF0F8A8-AAE6-41E2-A101-9BB678589BA7}.Release|Mixed Platforms.Build.0 = Release|x86
		{9CF0F8A8-AAE6-41E2-A101-9BB678589BA7}.Release|x86.ActiveCfg = Release|x86
		{9CF0F8A8-AAE6-41E2-A101-9BB678589BA7}.Release|x86.Build.0 = Release|x86
		{9C8328B3-97FC-4F39-A1BC-6DC4A1730C26}.Debug|Any CPU.ActiveCfg = Debug|x86
		{9C8328B3-97FC-4F39-A1BC-6DC4A1730C26}.Debug|Mixed Platforms.ActiveCfg = Debug|x86
		{9C8328B3-97FC-4F39-A1BC-6DC4A1730C26}.Debug|Mixed Platforms.Build.0 = Debug|x86
		{9C8328B3-97FC-4F39-A1BC-6DC4A1730C26}.Debug|x86.ActiveCfg = Debug|x86
		{9C8328B3-97FC-4F39-A1BC-6DC4A1730C26}.Debug|x86.Build.0 = Debug|x86
		{9C8328B3-97FC-4F39-A1BC-6DC4A1730C26}.Release|Any CPU.ActiveCfg = Release|x86
		{9C8328B3-97FC-4F39-A1BC-6DC4A1730C26}.Release|Mixed Platforms.ActiveCfg = Release|x86
		{9C8328B3-97FC-4F39-A1BC-6DC4A1730C26}.Release|Mixed Platforms.Build.0 = Release|x86
		{9C8328B3-97FC-4F39-A1BC-6DC4A1730C26}.Release|x86.ActiveCfg = Release|x86
		{9C8328B3-97FC-4F39-A1BC-6DC4A1730C26}.Release|x86.Build.0 = Release|x86
		{B39029F8-F203-4EA3-BDD6-CE26074E6FBF}.Debug|Any CPU.ActiveCfg = Debug|x86
		{B39029F8-F203-4EA3-BDD6-CE26074E6FBF}.Debug|Mixed Platforms.ActiveCfg = Debug|x86
		{B39029F8-F203-4EA3-BDD6-CE26074E6FBF}.Debug|Mixed Platforms.Build.0 = Debug|x86
		{B39029F8-F203-4EA3-BDD6-CE26074E6FBF}.Debug|x86.ActiveCfg = Debug|x86
		{B39029F8-F203-4EA3-BDD6-CE26074E6FBF}.Debug|x86.Build.0 = Debug|x86
		{B39029F8-F203-4EA3-BDD6-CE26074E6FBF}.Release|Any CPU.ActiveCfg = Release|x86
		{B39029F8-F203-4EA3-BDD6-CE26074E6FBF}.Release|Mixed Platforms.ActiveCfg = Release|x86
		{B39029F8-F203-4EA3-BDD6-CE26074E6FBF}.Release|Mixed Platforms.Build.0 = Release|x86
		{B39029F8-F203-4EA3-BDD6-CE26074E6FBF}.Release|x86.ActiveCfg = Release|x86
		{B39029F8-F203-4EA3-BDD6-CE26074E6FBF}.Release|x86.Build.0 = Release|x86
		{83E470B5-B9C9-4266-A95D-DB71A27FDB85}.Debug|Any CPU.ActiveCfg = Debug|x86
		{83E470B5-B9C9-4266-A95D-DB71A27FDB85}.Debug|Mixed Platforms.ActiveCfg = Debug|x86
		{83E470B5-B9C9-4266-A95D-DB71A27FDB85}.Debug|Mixed Platforms.Build.0 = Debug|x86
		{83E470B5-B9C9-4266-A95D-DB71A27FDB85}.Debug|x86.ActiveCfg = Debug|x86
		{83E470B5-B9C9-4266-A95D-DB71A27FDB85}.Debug|x86.Build.0 = Debug|x86
		{83E470B5-B9C9-4266-A95D-DB71A27FDB85}.Release|Any CPU.ActiveCfg = Release|x86
		{83E470B5-B9C9-4266-A95D-DB71A27FDB85}.Release|Mixed Platforms.ActiveCfg = Release|x86
		{83E470B5-B9C9-4266-A95D-DB71A27FDB85}.Release|Mixed Platforms.Build.0 = Release|x86
		{83E470B5-B9C9-4266-A95D-DB71A27FDB85}.Release|x86.ActiveCfg = Release|x86
		{83E470B5-B9C9-4266-A95D-DB71A27FDB85}.Release|x86.Build.0 = Release|x86
	EndGlobalSection
	GlobalSection(SolutionProperties) = preSolution
		HideSolutionNode = FALSE
	EndGlobalSection
EndGlobal
